
Microsoft Visual Studio Solution File, Format Version 12.00
# Visual Studio Version 17
VisualStudioVersion = 17.6.33829.357
MinimumVisualStudioVersion = 10.0.40219.1
Project("{FAE04EC0-301F-11D3-BF4B-00C04F79EFBC}") = "To-Do_List-LC4", "To-Do_List-LC4.csproj", "{05574A68-F777-4E46-B265-0622D0C60198}"
EndProject
Global
	GlobalSection(SolutionConfigurationPlatforms) = preSolution
		Debug|Any CPU = Debug|Any CPU
		Release|Any CPU = Release|Any CPU
	EndGlobalSection
	GlobalSection(ProjectConfigurationPlatforms) = postSolution
		{05574A68-F777-4E46-B265-0622D0C60198}.Debug|Any CPU.ActiveCfg = Debug|Any CPU
		{05574A68-F777-4E46-B265-0622D0C60198}.Debug|Any CPU.Build.0 = Debug|Any CPU
		{05574A68-F777-4E46-B265-0622D0C60198}.Release|Any CPU.ActiveCfg = Release|Any CPU
		{05574A68-F777-4E46-B265-0622D0C60198}.Release|Any CPU.Build.0 = Release|Any CPU
	EndGlobalSection
	GlobalSection(SolutionProperties) = preSolution
		HideSolutionNode = FALSE
	EndGlobalSection
	GlobalSection(ExtensibilityGlobals) = postSolution
		SolutionGuid = {40A8B96B-0141-47EF-9149-170A27625519}
	EndGlobalSection
EndGlobal
